
Microsoft Visual Studio Solution File, Format Version 12.00
# Visual Studio Version 17
VisualStudioVersion = 17.10.35027.167
MinimumVisualStudioVersion = 10.0.40219.1
Project("{9A19103F-16F7-4668-BE54-9A1E7A4F7556}") = "WebhookTester", "src\WebhookTester\WebhookTester.csproj", "{CC64DBA3-EF8F-4F33-BD24-E65280652FDE}"
EndProject
Project("{2150E333-8FDC-42A3-9474-1A3956D46DE8}") = "src", "src", "{92785586-EECF-4B23-845E-0244883CDB7D}"
EndProject
Global
	GlobalSection(SolutionConfigurationPlatforms) = preSolution
		Debug|Any CPU = Debug|Any CPU
		Release|Any CPU = Release|Any CPU
	EndGlobalSection
	GlobalSection(ProjectConfigurationPlatforms) = postSolution
		{CC64DBA3-EF8F-4F33-BD24-E65280652FDE}.Debug|Any CPU.ActiveCfg = Debug|Any CPU
		{CC64DBA3-EF8F-4F33-BD24-E65280652FDE}.Debug|Any CPU.Build.0 = Debug|Any CPU
		{CC64DBA3-EF8F-4F33-BD24-E65280652FDE}.Release|Any CPU.ActiveCfg = Release|Any CPU
		{CC64DBA3-EF8F-4F33-BD24-E65280652FDE}.Release|Any CPU.Build.0 = Release|Any CPU
	EndGlobalSection
	GlobalSection(SolutionProperties) = preSolution
		HideSolutionNode = FALSE
	EndGlobalSection
	GlobalSection(NestedProjects) = preSolution
		{CC64DBA3-EF8F-4F33-BD24-E65280652FDE} = {92785586-EECF-4B23-845E-0244883CDB7D}
	EndGlobalSection
	GlobalSection(ExtensibilityGlobals) = postSolution
		SolutionGuid = {1083685B-3F99-44C2-BD84-5F7D7D915ED4}
	EndGlobalSection
EndGlobal
